
Microsoft Visual Studio Solution File, Format Version 12.00
# Visual Studio Version 17
VisualStudioVersion = 17.8.34525.116
MinimumVisualStudioVersion = 10.0.40219.1
Project("{9A19103F-16F7-4668-BE54-9A1E7A4F7556}") = "PeiIntegrationService", "PeiIntegratioinService\PeiIntegrationService.csproj", "{B44270E3-1705-4343-82A8-562F1F21507D}"
EndProject
Project("{9A19103F-16F7-4668-BE54-9A1E7A4F7556}") = "PeiIntegrationService.UnitTests", "..\tests\PeiIntegrationService.UnitTests\PeiIntegrationService.UnitTests.csproj", "{A9B9F400-7116-4F92-9856-37F5B6ADF9B5}"
EndProject
Project("{FAE04EC0-301F-11D3-BF4B-00C04F79EFBC}") = "PeiIntegrationServiceApiTests", "..\tests\PeiIntegrationServiceApiTests\PeiIntegrationServiceApiTests.csproj", "{DB23BB2E-818A-49A4-9847-2D868D32296F}"
EndProject
Global
	GlobalSection(SolutionConfigurationPlatforms) = preSolution
		Debug|Any CPU = Debug|Any CPU
		Release|Any CPU = Release|Any CPU
	EndGlobalSection
	GlobalSection(ProjectConfigurationPlatforms) = postSolution
		{B44270E3-1705-4343-82A8-562F1F21507D}.Debug|Any CPU.ActiveCfg = Debug|Any CPU
		{B44270E3-1705-4343-82A8-562F1F21507D}.Debug|Any CPU.Build.0 = Debug|Any CPU
		{B44270E3-1705-4343-82A8-562F1F21507D}.Release|Any CPU.ActiveCfg = Release|Any CPU
		{B44270E3-1705-4343-82A8-562F1F21507D}.Release|Any CPU.Build.0 = Release|Any CPU
		{A9B9F400-7116-4F92-9856-37F5B6ADF9B5}.Debug|Any CPU.ActiveCfg = Debug|Any CPU
		{A9B9F400-7116-4F92-9856-37F5B6ADF9B5}.Debug|Any CPU.Build.0 = Debug|Any CPU
		{A9B9F400-7116-4F92-9856-37F5B6ADF9B5}.Release|Any CPU.ActiveCfg = Release|Any CPU
		{A9B9F400-7116-4F92-9856-37F5B6ADF9B5}.Release|Any CPU.Build.0 = Release|Any CPU
		{DB23BB2E-818A-49A4-9847-2D868D32296F}.Debug|Any CPU.ActiveCfg = Debug|Any CPU
		{DB23BB2E-818A-49A4-9847-2D868D32296F}.Debug|Any CPU.Build.0 = Debug|Any CPU
		{DB23BB2E-818A-49A4-9847-2D868D32296F}.Release|Any CPU.ActiveCfg = Release|Any CPU
		{DB23BB2E-818A-49A4-9847-2D868D32296F}.Release|Any CPU.Build.0 = Release|Any CPU
	EndGlobalSection
	GlobalSection(SolutionProperties) = preSolution
		HideSolutionNode = FALSE
	EndGlobalSection
	GlobalSection(ExtensibilityGlobals) = postSolution
		SolutionGuid = {B94B187F-C44E-4A94-872F-C65CCA49F340}
	EndGlobalSection
EndGlobal
