
Microsoft Visual Studio Solution File, Format Version 12.00
# Visual Studio Version 17
VisualStudioVersion = 17.8.34525.116
MinimumVisualStudioVersion = 10.0.40219.1
Project("{9A19103F-16F7-4668-BE54-9A1E7A4F7556}") = "PDPViewDataServicedEmulator", "PDPViewDataServicedEmulator\PDPViewDataServicedEmulator.csproj", "{4916D61C-E051-4279-B600-D0218D48B8D2}"
EndProject
Project("{9A19103F-16F7-4668-BE54-9A1E7A4F7556}") = "PDPViewDataServiceEmulatorUnitTests", "..\tests\PDPViewDataServiceEmulatorUnitTests\PDPViewDataServiceEmulatorUnitTests.csproj", "{09A53309-6222-46A4-B199-52DC9BA13390}"
EndProject
Project("{FAE04EC0-301F-11D3-BF4B-00C04F79EFBC}") = "PDPViewDataServiceEmulatorApiTests", "..\tests\PDPViewDataServiceEmulatorApiTests\PDPViewDataServiceEmulatorApiTests.csproj", "{0A377C9F-ABA0-4601-BD52-837B59D368D6}"
EndProject
Global
	GlobalSection(SolutionConfigurationPlatforms) = preSolution
		Debug|Any CPU = Debug|Any CPU
		Release|Any CPU = Release|Any CPU
	EndGlobalSection
	GlobalSection(ProjectConfigurationPlatforms) = postSolution
		{4916D61C-E051-4279-B600-D0218D48B8D2}.Debug|Any CPU.ActiveCfg = Debug|Any CPU
		{4916D61C-E051-4279-B600-D0218D48B8D2}.Debug|Any CPU.Build.0 = Debug|Any CPU
		{4916D61C-E051-4279-B600-D0218D48B8D2}.Release|Any CPU.ActiveCfg = Release|Any CPU
		{4916D61C-E051-4279-B600-D0218D48B8D2}.Release|Any CPU.Build.0 = Release|Any CPU
		{09A53309-6222-46A4-B199-52DC9BA13390}.Debug|Any CPU.ActiveCfg = Debug|Any CPU
		{09A53309-6222-46A4-B199-52DC9BA13390}.Debug|Any CPU.Build.0 = Debug|Any CPU
		{09A53309-6222-46A4-B199-52DC9BA13390}.Release|Any CPU.ActiveCfg = Release|Any CPU
		{09A53309-6222-46A4-B199-52DC9BA13390}.Release|Any CPU.Build.0 = Release|Any CPU
		{0A377C9F-ABA0-4601-BD52-837B59D368D6}.Debug|Any CPU.ActiveCfg = Debug|Any CPU
		{0A377C9F-ABA0-4601-BD52-837B59D368D6}.Debug|Any CPU.Build.0 = Debug|Any CPU
		{0A377C9F-ABA0-4601-BD52-837B59D368D6}.Release|Any CPU.ActiveCfg = Release|Any CPU
		{0A377C9F-ABA0-4601-BD52-837B59D368D6}.Release|Any CPU.Build.0 = Release|Any CPU
	EndGlobalSection
	GlobalSection(SolutionProperties) = preSolution
		HideSolutionNode = FALSE
	EndGlobalSection
	GlobalSection(ExtensibilityGlobals) = postSolution
		SolutionGuid = {51DC4E87-60C8-466B-A491-CA5D439DE59D}
	EndGlobalSection
EndGlobal
