
Microsoft Visual Studio Solution File, Format Version 12.00
# Visual Studio Version 17
VisualStudioVersion = 17.8.34525.116
MinimumVisualStudioVersion = 10.0.40219.1
Project("{9A19103F-16F7-4668-BE54-9A1E7A4F7556}") = "MhpdCommon", "MhpdCommon\MhpdCommon.csproj", "{B2C903CF-A680-4DE8-AF35-224A1A03EBCF}"
EndProject
Project("{9A19103F-16F7-4668-BE54-9A1E7A4F7556}") = "MhpdCommonTests", "MhpdCommonTests\MhpdCommonTests.csproj", "{42DF0F76-69AD-4638-A263-228CADDF98A8}"
EndProject
Global
	GlobalSection(SolutionConfigurationPlatforms) = preSolution
		Debug|Any CPU = Debug|Any CPU
		Release|Any CPU = Release|Any CPU
	EndGlobalSection
	GlobalSection(ProjectConfigurationPlatforms) = postSolution
		{B2C903CF-A680-4DE8-AF35-224A1A03EBCF}.Debug|Any CPU.ActiveCfg = Debug|Any CPU
		{B2C903CF-A680-4DE8-AF35-224A1A03EBCF}.Debug|Any CPU.Build.0 = Debug|Any CPU
		{B2C903CF-A680-4DE8-AF35-224A1A03EBCF}.Release|Any CPU.ActiveCfg = Release|Any CPU
		{B2C903CF-A680-4DE8-AF35-224A1A03EBCF}.Release|Any CPU.Build.0 = Release|Any CPU
		{42DF0F76-69AD-4638-A263-228CADDF98A8}.Debug|Any CPU.ActiveCfg = Debug|Any CPU
		{42DF0F76-69AD-4638-A263-228CADDF98A8}.Debug|Any CPU.Build.0 = Debug|Any CPU
		{42DF0F76-69AD-4638-A263-228CADDF98A8}.Release|Any CPU.ActiveCfg = Release|Any CPU
		{42DF0F76-69AD-4638-A263-228CADDF98A8}.Release|Any CPU.Build.0 = Release|Any CPU
	EndGlobalSection
	GlobalSection(SolutionProperties) = preSolution
		HideSolutionNode = FALSE
	EndGlobalSection
	GlobalSection(ExtensibilityGlobals) = postSolution
		SolutionGuid = {C6BBDEC9-7C3C-405E-BC5A-E06B92A00B3E}
	EndGlobalSection
EndGlobal
