
Microsoft Visual Studio Solution File, Format Version 12.00
# Visual Studio Version 17
VisualStudioVersion = 17.11.35222.181
MinimumVisualStudioVersion = 10.0.40219.1
Project("{9A19103F-16F7-4668-BE54-9A1E7A4F7556}") = "SeedApp", "SeedApp\SeedApp.csproj", "{55FF3AB8-0638-4D82-B484-8B981308E3D4}"
EndProject
Global
	GlobalSection(SolutionConfigurationPlatforms) = preSolution
		Debug|Any CPU = Debug|Any CPU
		Release|Any CPU = Release|Any CPU
	EndGlobalSection
	GlobalSection(ProjectConfigurationPlatforms) = postSolution
		{55FF3AB8-0638-4D82-B484-8B981308E3D4}.Debug|Any CPU.ActiveCfg = Debug|Any CPU
		{55FF3AB8-0638-4D82-B484-8B981308E3D4}.Debug|Any CPU.Build.0 = Debug|Any CPU
		{55FF3AB8-0638-4D82-B484-8B981308E3D4}.Release|Any CPU.ActiveCfg = Release|Any CPU
		{55FF3AB8-0638-4D82-B484-8B981308E3D4}.Release|Any CPU.Build.0 = Release|Any CPU
	EndGlobalSection
	GlobalSection(SolutionProperties) = preSolution
		HideSolutionNode = FALSE
	EndGlobalSection
	GlobalSection(ExtensibilityGlobals) = postSolution
		SolutionGuid = {C9656E42-341E-4488-A294-DDD75DC79DBB}
	EndGlobalSection
EndGlobal
